
Microsoft Visual Studio Solution File, Format Version 12.00
# Visual Studio 15
VisualStudioVersion = 15.0.28307.1525
MinimumVisualStudioVersion = 10.0.40219.1
Project("{FAE04EC0-301F-11D3-BF4B-00C04F79EFBC}") = "Caculator1", "Caculator1.csproj", "{01D8DEDE-8C5C-47EC-BB40-EB77FA42A5F3}"
EndProject
Global
	GlobalSection(SolutionConfigurationPlatforms) = preSolution
		Debug|Any CPU = Debug|Any CPU
		Release|Any CPU = Release|Any CPU
	EndGlobalSection
	GlobalSection(ProjectConfigurationPlatforms) = postSolution
		{01D8DEDE-8C5C-47EC-BB40-EB77FA42A5F3}.Debug|Any CPU.ActiveCfg = Debug|Any CPU
		{01D8DEDE-8C5C-47EC-BB40-EB77FA42A5F3}.Debug|Any CPU.Build.0 = Debug|Any CPU
		{01D8DEDE-8C5C-47EC-BB40-EB77FA42A5F3}.Release|Any CPU.ActiveCfg = Release|Any CPU
		{01D8DEDE-8C5C-47EC-BB40-EB77FA42A5F3}.Release|Any CPU.Build.0 = Release|Any CPU
	EndGlobalSection
	GlobalSection(SolutionProperties) = preSolution
		HideSolutionNode = FALSE
	EndGlobalSection
	GlobalSection(ExtensibilityGlobals) = postSolution
		SolutionGuid = {1D316DEC-E349-4837-9055-C27DAD935465}
	EndGlobalSection
EndGlobal
